gg
5cdd2f9
      }
    },
    "@angular-devkit/architect": {
      "version": "0.1303.8",
      "resolved": "https://registry.npmjs.org/@angular-devkit/architect/-/architect-0.1303.8.tgz",
      "integrity": "sha512-2zaNejnfZbq+fFOVgkmWkh+2UmK/CBDbWTq7VJHopJLtUuf7pFNvRk73s9xayuJ3Lt2/sY17Mykku2LziBF89A==",
      "dev": true,
      "requires": {
        "@angular-devkit/core": "13.3.8",
        "rxjs": "6.6.7"
      },
      "dependencies": {
      }
    },
    "@angular-devkit/build-angular": {
      "version": "13.3.8",
      "resolved": "https://registry.npmjs.org/@angular-devkit/build-angular/-/build-angular-13.3.8.tgz",
      "integrity": "sha512-5nWqb58oLcWoBoAECqHiUlOV23/J/4W1a9aqaFQcN6bThRzoy54S69zUuQREnBE36elDrSxhn2Y34poqYe8iKQ==",
      "dev": true,
      "requires": {
        "@ampproject/remapping": "2.2.0",
        "@angular-devkit/architect": "0.1303.8",
        "@angular-devkit/build-webpack": "0.1303.8",
        "@angular-devkit/core": "13.3.8",
        "@babel/core": "7.16.12",
        "@babel/generator": "7.16.8",
        "@babel/helper-annotate-as-pure": "7.16.7",
        "@babel/plugin-proposal-async-generator-functions": "7.16.8",